
Microsoft Visual Studio Solution File, Format Version 12.00
# Visual Studio Version 16
VisualStudioVersion = 16.0.30907.101
MinimumVisualStudioVersion = 10.0.40219.1
Project("{FAE04EC0-301F-11D3-BF4B-00C04F79EFBC}") = "con or pars", "con or pars\con or pars.csproj", "{0D90D7C2-AA5A-40DA-8768-39A87E27D37C}"
EndProject
Global
	GlobalSection(SolutionConfigurationPlatforms) = preSolution
		Debug|Any CPU = Debug|Any CPU
		Release|Any CPU = Release|Any CPU
	EndGlobalSection
	GlobalSection(ProjectConfigurationPlatforms) = postSolution
		{0D90D7C2-AA5A-40DA-8768-39A87E27D37C}.Debug|Any CPU.ActiveCfg = Debug|Any CPU
		{0D90D7C2-AA5A-40DA-8768-39A87E27D37C}.Debug|Any CPU.Build.0 = Debug|Any CPU
		{0D90D7C2-AA5A-40DA-8768-39A87E27D37C}.Release|Any CPU.ActiveCfg = Release|Any CPU
		{0D90D7C2-AA5A-40DA-8768-39A87E27D37C}.Release|Any CPU.Build.0 = Release|Any CPU
	EndGlobalSection
	GlobalSection(SolutionProperties) = preSolution
		HideSolutionNode = FALSE
	EndGlobalSection
	GlobalSection(ExtensibilityGlobals) = postSolution
		SolutionGuid = {49EDED1D-CDFF-47AC-8B1B-4BED06B1FD12}
	EndGlobalSection
EndGlobal
